
Microsoft Visual Studio Solution File, Format Version 12.00
# Visual Studio 15
VisualStudioVersion = 15.0.28010.2036
MinimumVisualStudioVersion = 10.0.40219.1
Project("{FAE04EC0-301F-11D3-BF4B-00C04F79EFBC}") = "TidyChart", "TidyChart\TidyChart.csproj", "{96F26C85-3AD9-4338-9A64-E8D38D34BACB}"
EndProject
Project("{FAE04EC0-301F-11D3-BF4B-00C04F79EFBC}") = "TidyChartTest", "TidyChartTest\TidyChartTest.csproj", "{CBF1B9BC-E4C8-4A57-BF46-1973EED37782}"
EndProject
Global
	GlobalSection(SolutionConfigurationPlatforms) = preSolution
		Debug|Any CPU = Debug|Any CPU
		Release|Any CPU = Release|Any CPU
	EndGlobalSection
	GlobalSection(ProjectConfigurationPlatforms) = postSolution
		{96F26C85-3AD9-4338-9A64-E8D38D34BACB}.Debug|Any CPU.ActiveCfg = Debug|Any CPU
		{96F26C85-3AD9-4338-9A64-E8D38D34BACB}.Debug|Any CPU.Build.0 = Debug|Any CPU
		{96F26C85-3AD9-4338-9A64-E8D38D34BACB}.Release|Any CPU.ActiveCfg = Release|Any CPU
		{96F26C85-3AD9-4338-9A64-E8D38D34BACB}.Release|Any CPU.Build.0 = Release|Any CPU
		{CBF1B9BC-E4C8-4A57-BF46-1973EED37782}.Debug|Any CPU.ActiveCfg = Debug|Any CPU
		{CBF1B9BC-E4C8-4A57-BF46-1973EED37782}.Debug|Any CPU.Build.0 = Debug|Any CPU
		{CBF1B9BC-E4C8-4A57-BF46-1973EED37782}.Release|Any CPU.ActiveCfg = Release|Any CPU
		{CBF1B9BC-E4C8-4A57-BF46-1973EED37782}.Release|Any CPU.Build.0 = Release|Any CPU
	EndGlobalSection
	GlobalSection(SolutionProperties) = preSolution
		HideSolutionNode = FALSE
	EndGlobalSection
	GlobalSection(ExtensibilityGlobals) = postSolution
		SolutionGuid = {96D4B2DC-9E91-4708-9D49-5499D088B9EE}
	EndGlobalSection
EndGlobal
